
Microsoft Visual Studio Solution File, Format Version 12.00
# Visual Studio Version 16
VisualStudioVersion = 16.0.31424.327
MinimumVisualStudioVersion = 10.0.40219.1
Project("{FAE04EC0-301F-11D3-BF4B-00C04F79EFBC}") = "StoreManagement", "StoreManagement\StoreManagement.csproj", "{8955A341-812D-4246-BC4F-AD2C6B8E36A7}"
EndProject
Global
	GlobalSection(SolutionConfigurationPlatforms) = preSolution
		Debug|Any CPU = Debug|Any CPU
		Release|Any CPU = Release|Any CPU
	EndGlobalSection
	GlobalSection(ProjectConfigurationPlatforms) = postSolution
		{8955A341-812D-4246-BC4F-AD2C6B8E36A7}.Debug|Any CPU.ActiveCfg = Debug|Any CPU
		{8955A341-812D-4246-BC4F-AD2C6B8E36A7}.Debug|Any CPU.Build.0 = Debug|Any CPU
		{8955A341-812D-4246-BC4F-AD2C6B8E36A7}.Release|Any CPU.ActiveCfg = Release|Any CPU
		{8955A341-812D-4246-BC4F-AD2C6B8E36A7}.Release|Any CPU.Build.0 = Release|Any CPU
	EndGlobalSection
	GlobalSection(SolutionProperties) = preSolution
		HideSolutionNode = FALSE
	EndGlobalSection
	GlobalSection(ExtensibilityGlobals) = postSolution
		SolutionGuid = {22C5D859-363A-4CE2-B2EC-E12A90DA12D0}
	EndGlobalSection
EndGlobal
